// !$*UTF8*$!
{
	archiveVersion = 1;
	classes = {
	};
	objectVersion = 46;
	objects = {

/* Begin PBXBuildFile section */
		4DD3FFD31BED580B0071AFEF /* CoreGraphics.framework in Frameworks */ = {isa = PBXBuildFile; fileRef = 4DD3FFD21BED580B0071AFEF /* CoreGraphics.framework */; };
		4DD3FFD51BED58240071AFEF /* Foundation.framework in Frameworks */ = {isa = PBXBuildFile; fileRef = 4DD3FFD41BED58240071AFEF /* Foundation.framework */; };
		4DD3FFD71BED582F0071AFEF /* UIKit.framework in Frameworks */ = {isa = PBXBuildFile; fileRef = 4DD3FFD61BED582F0071AFEF /* UIKit.framework */; };
		4DD3FFD91BED5E850071AFEF /* AVKit.framework in Frameworks */ = {isa = PBXBuildFile; fileRef = 4DD3FFD81BED5E850071AFEF /* AVKit.framework */; };
		4DD5D5851BEBFFC9000F203E /* MediaPlayer.framework in Frameworks */ = {isa = PBXBuildFile; fileRef = 4DD5D5841BEBFFC9000F203E /* MediaPlayer.framework */; };
		4DD5D5871BEBFFEC000F203E /* MobileCoreServices.framework in Frameworks */ = {isa = PBXBuildFile; fileRef = 4DD5D5861BEBFFEC000F203E /* MobileCoreServices.framework */; };
		858C58111C0DDC9900216A7B /* libsqlite3.tbd in Frameworks */ = {isa = PBXBuildFile; fileRef = 858C58101C0DDC9900216A7B /* libsqlite3.tbd */; };
		858C58141C0DDCFE00216A7B /* DBManager.m in Sources */ = {isa = PBXBuildFile; fileRef = 858C58131C0DDCFE00216A7B /* DBManager.m */; };
		8598AF701C052C350004401F /* LoggedIn.m in Sources */ = {isa = PBXBuildFile; fileRef = 8598AF6D1C052C350004401F /* LoggedIn.m */; };
		8598AF711C052C350004401F /* LoginPage.m in Sources */ = {isa = PBXBuildFile; fileRef = 8598AF6F1C052C350004401F /* LoginPage.m */; };
		8598AF741C052C700004401F /* SignUpViewController.m in Sources */ = {isa = PBXBuildFile; fileRef = 8598AF731C052C700004401F /* SignUpViewController.m */; };
		8598AF751C052CB90004401F /* SignUpViewController.h in Sources */ = {isa = PBXBuildFile; fileRef = 8598AF721C052C700004401F /* SignUpViewController.h */; };
		8598AF761C052CB90004401F /* LoggedIn.h in Sources */ = {isa = PBXBuildFile; fileRef = 8598AF6C1C052C350004401F /* LoggedIn.h */; };
		8598AF771C052CB90004401F /* LoginPage.h in Sources */ = {isa = PBXBuildFile; fileRef = 8598AF6E1C052C350004401F /* LoginPage.h */; };
		8598AF781C052CB90004401F /* AppDelegate.h in Sources */ = {isa = PBXBuildFile; fileRef = 85CB73BF1BE90766008A085A /* AppDelegate.h */; };
		8598AF791C052CB90004401F /* ViewController.h in Sources */ = {isa = PBXBuildFile; fileRef = 85CB73C21BE90766008A085A /* ViewController.h */; };
		85CB73BE1BE90766008A085A /* main.m in Sources */ = {isa = PBXBuildFile; fileRef = 85CB73BD1BE90766008A085A /* main.m */; };
		85CB73C11BE90766008A085A /* AppDelegate.m in Sources */ = {isa = PBXBuildFile; fileRef = 85CB73C01BE90766008A085A /* AppDelegate.m */; };
		85CB73C41BE90766008A085A /* ViewController.m in Sources */ = {isa = PBXBuildFile; fileRef = 85CB73C31BE90766008A085A /* ViewController.m */; };
		85CB73C71BE90766008A085A /* Main.storyboard in Resources */ = {isa = PBXBuildFile; fileRef = 85CB73C51BE90766008A085A /* Main.storyboard */; };
		85CB73C91BE90766008A085A /* Assets.xcassets in Resources */ = {isa = PBXBuildFile; fileRef = 85CB73C81BE90766008A085A /* Assets.xcassets */; };
		85CB73CC1BE90766008A085A /* LaunchScreen.storyboard in Resources */ = {isa = PBXBuildFile; fileRef = 85CB73CA1BE90766008A085A /* LaunchScreen.storyboard */; };
		85CB73D71BE90766008A085A /* MyResuscitationChoiceTests.m in Sources */ = {isa = PBXBuildFile; fileRef = 85CB73D61BE90766008A085A /* MyResuscitationChoiceTests.m */; };
		85CB73E21BE90766008A085A /* MyResuscitationChoiceUITests.m in Sources */ = {isa = PBXBuildFile; fileRef = 85CB73E11BE90766008A085A /* MyResuscitationChoiceUITests.m */; };
/* End PBXBuildFile section */

/* Begin PBXContainerItemProxy section */
		85CB73D31BE90766008A085A /* PBXContainerItemProxy */ = {
			isa = PBXContainerItemProxy;
			containerPortal = 85CB73B11BE90766008A085A /* Project object */;
			proxyType = 1;
			remoteGlobalIDString = 85CB73B81BE90766008A085A;
			remoteInfo = MyResuscitationChoice;
		};
		85CB73DE1BE90766008A085A /* PBXContainerItemProxy */ = {
			isa = PBXContainerItemProxy;
			containerPortal = 85CB73B11BE90766008A085A /* Project object */;
			proxyType = 1;
			remoteGlobalIDString = 85CB73B81BE90766008A085A;
			remoteInfo = MyResuscitationChoice;
		};
/* End PBXContainerItemProxy section */

/* Begin PBXFileReference section */
		4DD3FFD21BED580B0071AFEF /* CoreGraphics.framework */ = {isa = PBXFileReference; lastKnownFileType = wrapper.framework; name = CoreGraphics.framework; path = System/Library/Frameworks/CoreGraphics.framework; sourceTree = SDKROOT; };
		4DD3FFD41BED58240071AFEF /* Foundation.framework */ = {isa = PBXFileReference; lastKnownFileType = wrapper.framework; name = Foundation.framework; path = System/Library/Frameworks/Foundation.framework; sourceTree = SDKROOT; };
		4DD3FFD61BED582F0071AFEF /* UIKit.framework */ = {isa = PBXFileReference; lastKnownFileType = wrapper.framework; name = UIKit.framework; path = System/Library/Frameworks/UIKit.framework; sourceTree = SDKROOT; };
		4DD3FFD81BED5E850071AFEF /* AVKit.framework */ = {isa = PBXFileReference; lastKnownFileType = wrapper.framework; name = AVKit.framework; path = System/Library/Frameworks/AVKit.framework; sourceTree = SDKROOT; };
		4DD5D5841BEBFFC9000F203E /* MediaPlayer.framework */ = {isa = PBXFileReference; lastKnownFileType = wrapper.framework; name = MediaPlayer.framework; path = System/Library/Frameworks/MediaPlayer.framework; sourceTree = SDKROOT; };
		4DD5D5861BEBFFEC000F203E /* MobileCoreServices.framework */ = {isa = PBXFileReference; lastKnownFileType = wrapper.framework; name = MobileCoreServices.framework; path = System/Library/Frameworks/MobileCoreServices.framework; sourceTree = SDKROOT; };
		858C58101C0DDC9900216A7B /* libsqlite3.tbd */ = {isa = PBXFileReference; lastKnownFileType = "sourcecode.text-based-dylib-definition"; name = libsqlite3.tbd; path = usr/lib/libsqlite3.tbd; sourceTree = SDKROOT; };
		858C58121C0DDCFE00216A7B /* DBManager.h */ = {isa = PBXFileReference; fileEncoding = 4; lastKnownFileType = sourcecode.c.h; path = DBManager.h; sourceTree = "<group>"; };
		858C58131C0DDCFE00216A7B /* DBManager.m */ = {isa = PBXFileReference; fileEncoding = 4; lastKnownFileType = sourcecode.c.objc; path = DBManager.m; sourceTree = "<group>"; };
		8598AF6C1C052C350004401F /* LoggedIn.h */ = {isa = PBXFileReference; fileEncoding = 4; lastKnownFileType = sourcecode.c.h; path = LoggedIn.h; sourceTree = "<group>"; };
		8598AF6D1C052C350004401F /* LoggedIn.m */ = {isa = PBXFileReference; fileEncoding = 4; lastKnownFileType = sourcecode.c.objc; path = LoggedIn.m; sourceTree = "<group>"; };
		8598AF6E1C052C350004401F /* LoginPage.h */ = {isa = PBXFileReference; fileEncoding = 4; lastKnownFileType = sourcecode.c.h; path = LoginPage.h; sourceTree = "<group>"; };
		8598AF6F1C052C350004401F /* LoginPage.m */ = {isa = PBXFileReference; fileEncoding = 4; lastKnownFileType = sourcecode.c.objc; path = LoginPage.m; sourceTree = "<group>"; };
		8598AF721C052C700004401F /* SignUpViewController.h */ = {isa = PBXFileReference; fileEncoding = 4; lastKnownFileType = sourcecode.c.h; path = SignUpViewController.h; sourceTree = "<group>"; };
		8598AF731C052C700004401F /* SignUpViewController.m */ = {isa = PBXFileReference; fileEncoding = 4; lastKnownFileType = sourcecode.c.objc; path = SignUpViewController.m; sourceTree = "<group>"; };
		85CB73B91BE90766008A085A /* MyResuscitationChoice.app */ = {isa = PBXFileReference; explicitFileType = wrapper.application; includeInIndex = 0; path = MyResuscitationChoice.app; sourceTree = BUILT_PRODUCTS_DIR; };
		85CB73BD1BE90766008A085A /* main.m */ = {isa = PBXFileReference; lastKnownFileType = sourcecode.c.objc; path = main.m; sourceTree = "<group>"; };
		85CB73BF1BE90766008A085A /* AppDelegate.h */ = {isa = PBXFileReference; lastKnownFileType = sourcecode.c.h; path = AppDelegate.h; sourceTree = "<group>"; };
		85CB73C01BE90766008A085A /* AppDelegate.m */ = {isa = PBXFileReference; lastKnownFileType = sourcecode.c.objc; path = AppDelegate.m; sourceTree = "<group>"; };
		85CB73C21BE90766008A085A /* ViewController.h */ = {isa = PBXFileReference; lastKnownFileType = sourcecode.c.h; path = ViewController.h; sourceTree = "<group>"; };
		85CB73C31BE90766008A085A /* ViewController.m */ = {isa = PBXFileReference; lastKnownFileType = sourcecode.c.objc; path = ViewController.m; sourceTree = "<group>"; };
		85CB73C61BE90766008A085A /* Base */ = {isa = PBXFileReference; lastKnownFileType = file.storyboard; name = Base; path = Base.lproj/Main.storyboard; sourceTree = "<group>"; };
		85CB73C81BE90766008A085A /* Assets.xcassets */ = {isa = PBXFileReference; lastKnownFileType = folder.assetcatalog; path = Assets.xcassets; sourceTree = "<group>"; };
		85CB73CB1BE90766008A085A /* Base */ = {isa = PBXFileReference; lastKnownFileType = file.storyboard; name = Base; path = Base.lproj/LaunchScreen.storyboard; sourceTree = "<group>"; };
		85CB73CD1BE90766008A085A /* Info.plist */ = {isa = PBXFileReference; lastKnownFileType = text.plist.xml; path = Info.plist; sourceTree = "<group>"; };
		85CB73D21BE90766008A085A /* MyResuscitationChoiceTests.xctest */ = {isa = PBXFileReference; explicitFileType = wrapper.cfbundle; includeInIndex = 0; path = MyResuscitationChoiceTests.xctest; sourceTree = BUILT_PRODUCTS_DIR; };
		85CB73D61BE90766008A085A /* MyResuscitationChoiceTests.m */ = {isa = PBXFileReference; lastKnownFileType = sourcecode.c.objc; path = MyResuscitationChoiceTests.m; sourceTree = "<group>"; };
		85CB73D81BE90766008A085A /* Info.plist */ = {isa = PBXFileReference; lastKnownFileType = text.plist.xml; path = Info.plist; sourceTree = "<group>"; };
		85CB73DD1BE90766008A085A /* MyResuscitationChoiceUITests.xctest */ = {isa = PBXFileReference; explicitFileType = wrapper.cfbundle; includeInIndex = 0; path = MyResuscitationChoiceUITests.xctest; sourceTree = BUILT_PRODUCTS_DIR; };
		85CB73E11BE90766008A085A /* MyResuscitationChoiceUITests.m */ = {isa = PBXFileReference; lastKnownFileType = sourcecode.c.objc; path = MyResuscitationChoiceUITests.m; sourceTree = "<group>"; };
		85CB73E31BE90766008A085A /* Info.plist */ = {isa = PBXFileReference; lastKnownFileType = text.plist.xml; path = Info.plist; sourceTree = "<group>"; };
/* End PBXFileReference section */

/* Begin PBXFrameworksBuildPhase section */
		85CB73B61BE90766008A085A /* Frameworks */ = {
			isa = PBXFrameworksBuildPhase;
			buildActionMask = 2147483647;
			files = (
				858C58111C0DDC9900216A7B /* libsqlite3.tbd in Frameworks */,
				4DD3FFD91BED5E850071AFEF /* AVKit.framework in Frameworks */,
				4DD3FFD71BED582F0071AFEF /* UIKit.framework in Frameworks */,
				4DD3FFD51BED58240071AFEF /* Foundation.framework in Frameworks */,
				4DD3FFD31BED580B0071AFEF /* CoreGraphics.framework in Frameworks */,
				4DD5D5871BEBFFEC000F203E /* MobileCoreServices.framework in Frameworks */,
				4DD5D5851BEBFFC9000F203E /* MediaPlayer.framework in Frameworks */,
			);
			runOnlyForDeploymentPostprocessing = 0;
		};
		85CB73CF1BE90766008A085A /* Frameworks */ = {
			isa = PBXFrameworksBuildPhase;
			buildActionMask = 2147483647;
			files = (
			);
			runOnlyForDeploymentPostprocessing = 0;
		};
		85CB73DA1BE90766008A085A /* Frameworks */ = {
			isa = PBXFrameworksBuildPhase;
			buildActionMask = 2147483647;
			files = (
			);
			runOnlyForDeploymentPostprocessing = 0;
		};
/* End PBXFrameworksBuildPhase section */

/* Begin PBXGroup section */
		85CB73B01BE90766008A085A = {
			isa = PBXGroup;
			children = (
				858C58101C0DDC9900216A7B /* libsqlite3.tbd */,
				85CB73BB1BE90766008A085A /* MyResuscitationChoice */,
				85CB73D51BE90766008A085A /* MyResuscitationChoiceTests */,
				85CB73E01BE90766008A085A /* MyResuscitationChoiceUITests */,
				85CB73BA1BE90766008A085A /* Products */,
			);
			sourceTree = "<group>";
		};
		85CB73BA1BE90766008A085A /* Products */ = {
			isa = PBXGroup;
			children = (
				85CB73B91BE90766008A085A /* MyResuscitationChoice.app */,
				85CB73D21BE90766008A085A /* MyResuscitationChoiceTests.xctest */,
				85CB73DD1BE90766008A085A /* MyResuscitationChoiceUITests.xctest */,
			);
			name = Products;
			sourceTree = "<group>";
		};
		85CB73BB1BE90766008A085A /* MyResuscitationChoice */ = {
			isa = PBXGroup;
			children = (
				8598AF721C052C700004401F /* SignUpViewController.h */,
				8598AF731C052C700004401F /* SignUpViewController.m */,
				8598AF6C1C052C350004401F /* LoggedIn.h */,
				8598AF6D1C052C350004401F /* LoggedIn.m */,
				8598AF6E1C052C350004401F /* LoginPage.h */,
				8598AF6F1C052C350004401F /* LoginPage.m */,
				85CB73BF1BE90766008A085A /* AppDelegate.h */,
				85CB73C01BE90766008A085A /* AppDelegate.m */,
				85CB73C21BE90766008A085A /* ViewController.h */,
				85CB73C31BE90766008A085A /* ViewController.m */,
				85CB73C51BE90766008A085A /* Main.storyboard */,
				85CB73C81BE90766008A085A /* Assets.xcassets */,
				85CB73CA1BE90766008A085A /* LaunchScreen.storyboard */,
				85CB73CD1BE90766008A085A /* Info.plist */,
				85CB73BC1BE90766008A085A /* Supporting Files */,
				858C58121C0DDCFE00216A7B /* DBManager.h */,
				858C58131C0DDCFE00216A7B /* DBManager.m */,
			);
			path = MyResuscitationChoice;
			sourceTree = "<group>";
		};
		85CB73BC1BE90766008A085A /* Supporting Files */ = {
			isa = PBXGroup;
			children = (
				4DD3FFD81BED5E850071AFEF /* AVKit.framework */,
				4DD3FFD61BED582F0071AFEF /* UIKit.framework */,
				4DD3FFD41BED58240071AFEF /* Foundation.framework */,
				4DD3FFD21BED580B0071AFEF /* CoreGraphics.framework */,
				4DD5D5861BEBFFEC000F203E /* MobileCoreServices.framework */,
				4DD5D5841BEBFFC9000F203E /* MediaPlayer.framework */,
				85CB73BD1BE90766008A085A /* main.m */,
			);
			name = "Supporting Files";
			sourceTree = "<group>";
		};
		85CB73D51BE90766008A085A /* MyResuscitationChoiceTests */ = {
			isa = PBXGroup;
			children = (
				85CB73D61BE90766008A085A /* MyResuscitationChoiceTests.m */,
				85CB73D81BE90766008A085A /* Info.plist */,
			);
			path = MyResuscitationChoiceTests;
			sourceTree = "<group>";
		};
		85CB73E01BE90766008A085A /* MyResuscitationChoiceUITests */ = {
			isa = PBXGroup;
			children = (
				85CB73E11BE90766008A085A /* MyResuscitationChoiceUITests.m */,
				85CB73E31BE90766008A085A /* Info.plist */,
			);
			path = MyResuscitationChoiceUITests;
			sourceTree = "<group>";
		};
/* End PBXGroup section */

/* Begin PBXNativeTarget section */
		85CB73B81BE90766008A085A /* MyResuscitationChoice */ = {
			isa = PBXNativeTarget;
			buildConfigurationList = 85CB73E61BE90766008A085A /* Build configuration list for PBXNativeTarget "MyResuscitationChoice" */;
			buildPhases = (
				85CB73B51BE90766008A085A /* Sources */,
				85CB73B61BE90766008A085A /* Frameworks */,
				85CB73B71BE90766008A085A /* Resources */,
			);
			buildRules = (
			);
			dependencies = (
			);
			name = MyResuscitationChoice;
			productName = MyResuscitationChoice;
			productReference = 85CB73B91BE90766008A085A /* MyResuscitationChoice.app */;
			productType = "com.apple.product-type.application";
		};
		85CB73D11BE90766008A085A /* MyResuscitationChoiceTests */ = {
			isa = PBXNativeTarget;
			buildConfigurationList = 85CB73E91BE90766008A085A /* Build configuration list for PBXNativeTarget "MyResuscitationChoiceTests" */;
			buildPhases = (
				85CB73CE1BE90766008A085A /* Sources */,
				85CB73CF1BE90766008A085A /* Frameworks */,
				85CB73D01BE90766008A085A /* Resources */,
			);
			buildRules = (
			);
			dependencies = (
				85CB73D41BE90766008A085A /* PBXTargetDependency */,
			);
			name = MyResuscitationChoiceTests;
			productName = MyResuscitationChoiceTests;
			productReference = 85CB73D21BE90766008A085A /* MyResuscitationChoiceTests.xctest */;
			productType = "com.apple.product-type.bundle.unit-test";
		};
		85CB73DC1BE90766008A085A /* MyResuscitationChoiceUITests */ = {
			isa = PBXNativeTarget;
			buildConfigurationList = 85CB73EC1BE90766008A085A /* Build configuration list for PBXNativeTarget "MyResuscitationChoiceUITests" */;
			buildPhases = (
				85CB73D91BE90766008A085A /* Sources */,
				85CB73DA1BE90766008A085A /* Frameworks */,
				85CB73DB1BE90766008A085A /* Resources */,
			);
			buildRules = (
			);
			dependencies = (
				85CB73DF1BE90766008A085A /* PBXTargetDependency */,
			);
			name = MyResuscitationChoiceUITests;
			productName = MyResuscitationChoiceUITests;
			productReference = 85CB73DD1BE90766008A085A /* MyResuscitationChoiceUITests.xctest */;
			productType = "com.apple.product-type.bundle.ui-testing";
		};
/* End PBXNativeTarget section */

/* Begin PBXProject section */
		85CB73B11BE90766008A085A /* Project object */ = {
			isa = PBXProject;
			attributes = {
				LastUpgradeCheck = 0710;
				ORGANIZATIONNAME = "Gannon University";
				TargetAttributes = {
					85CB73B81BE90766008A085A = {
						CreatedOnToolsVersion = 7.1;
						DevelopmentTeam = Q7CHEAP3ZG;
					};
					85CB73D11BE90766008A085A = {
						CreatedOnToolsVersion = 7.1;
						TestTargetID = 85CB73B81BE90766008A085A;
					};
					85CB73DC1BE90766008A085A = {
						CreatedOnToolsVersion = 7.1;
						TestTargetID = 85CB73B81BE90766008A085A;
					};
				};
			};
			buildConfigurationList = 85CB73B41BE90766008A085A /* Build configuration list for PBXProject "MyResuscitationChoice" */;
			compatibilityVersion = "Xcode 3.2";
			developmentRegion = English;
			hasScannedForEncodings = 0;
			knownRegions = (
				en,
				Base,
			);
			mainGroup = 85CB73B01BE90766008A085A;
			productRefGroup = 85CB73BA1BE90766008A085A /* Products */;
			projectDirPath = "";
			projectRoot = "";
			targets = (
				85CB73B81BE90766008A085A /* MyResuscitationChoice */,
				85CB73D11BE90766008A085A /* MyResuscitationChoiceTests */,
				85CB73DC1BE90766008A085A /* MyResuscitationChoiceUITests */,
			);
		};
/* End PBXProject section */

/* Begin PBXResourcesBuildPhase section */
		85CB73B71BE90766008A085A /* Resources */ = {
			isa = PBXResourcesBuildPhase;
			buildActionMask = 2147483647;
			files = (
				85CB73CC1BE90766008A085A /* LaunchScreen.storyboard in Resources */,
				85CB73C91BE90766008A085A /* Assets.xcassets in Resources */,
				85CB73C71BE90766008A085A /* Main.storyboard in Resources */,
			);
			runOnlyForDeploymentPostprocessing = 0;
		};
		85CB73D01BE90766008A085A /* Resources */ = {
			isa = PBXResourcesBuildPhase;
			buildActionMask = 2147483647;
			files = (
			);
			runOnlyForDeploymentPostprocessing = 0;
		};
		85CB73DB1BE90766008A085A /* Resources */ = {
			isa = PBXResourcesBuildPhase;
			buildActionMask = 2147483647;
			files = (
			);
			runOnlyForDeploymentPostprocessing = 0;
		};
/* End PBXResourcesBuildPhase section */

/* Begin PBXSourcesBuildPhase section */
		85CB73B51BE90766008A085A /* Sources */ = {
			isa = PBXSourcesBuildPhase;
			buildActionMask = 2147483647;
			files = (
				8598AF751C052CB90004401F /* SignUpViewController.h in Sources */,
				8598AF761C052CB90004401F /* LoggedIn.h in Sources */,
				8598AF771C052CB90004401F /* LoginPage.h in Sources */,
				858C58141C0DDCFE00216A7B /* DBManager.m in Sources */,
				8598AF781C052CB90004401F /* AppDelegate.h in Sources */,
				8598AF791C052CB90004401F /* ViewController.h in Sources */,
				85CB73C41BE90766008A085A /* ViewController.m in Sources */,
				85CB73C11BE90766008A085A /* AppDelegate.m in Sources */,
				8598AF741C052C700004401F /* SignUpViewController.m in Sources */,
				8598AF701C052C350004401F /* LoggedIn.m in Sources */,
				85CB73BE1BE90766008A085A /* main.m in Sources */,
				8598AF711C052C350004401F /* LoginPage.m in Sources */,
			);
			runOnlyForDeploymentPostprocessing = 0;
		};
		85CB73CE1BE90766008A085A /* Sources */ = {
			isa = PBXSourcesBuildPhase;
			buildActionMask = 2147483647;
			files = (
				85CB73D71BE90766008A085A /* MyResuscitationChoiceTests.m in Sources */,
			);
			runOnlyForDeploymentPostprocessing = 0;
		};
		85CB73D91BE90766008A085A /* Sources */ = {
			isa = PBXSourcesBuildPhase;
			buildActionMask = 2147483647;
			files = (
				85CB73E21BE90766008A085A /* MyResuscitationChoiceUITests.m in Sources */,
			);
			runOnlyForDeploymentPostprocessing = 0;
		};
/* End PBXSourcesBuildPhase section */

/* Begin PBXTargetDependency section */
		85CB73D41BE90766008A085A /* PBXTargetDependency */ = {
			isa = PBXTargetDependency;
			target = 85CB73B81BE90766008A085A /* MyResuscitationChoice */;
			targetProxy = 85CB73D31BE90766008A085A /* PBXContainerItemProxy */;
		};
		85CB73DF1BE90766008A085A /* PBXTargetDependency */ = {
			isa = PBXTargetDependency;
			target = 85CB73B81BE90766008A085A /* MyResuscitationChoice */;
			targetProxy = 85CB73DE1BE90766008A085A /* PBXContainerItemProxy */;
		};
/* End PBXTargetDependency section */

/* Begin PBXVariantGroup section */
		85CB73C51BE90766008A085A /* Main.storyboard */ = {
			isa = PBXVariantGroup;
			children = (
				85CB73C61BE90766008A085A /* Base */,
			);
			name = Main.storyboard;
			sourceTree = "<group>";
		};
		85CB73CA1BE90766008A085A /* LaunchScreen.storyboard */ = {
			isa = PBXVariantGroup;
			children = (
				85CB73CB1BE90766008A085A /* Base */,
			);
			name = LaunchScreen.storyboard;
			sourceTree = "<group>";
		};
/* End PBXVariantGroup section */

/* Begin XCBuildConfiguration section */
		85CB73E41BE90766008A085A /* Debug */ = {
			isa = XCBuildConfiguration;
			buildSettings = {
				ALWAYS_SEARCH_USER_PATHS = NO;
				CLANG_CXX_LANGUAGE_STANDARD = "gnu++0x";
				CLANG_CXX_LIBRARY = "libc++";
				CLANG_ENABLE_MODULES = YES;
				CLANG_ENABLE_OBJC_ARC = YES;
				CLANG_WARN_BOOL_CONVERSION = YES;
				CLANG_WARN_CONSTANT_CONVERSION = YES;
				CLANG_WARN_DIRECT_OBJC_ISA_USAGE = YES_ERROR;
				CLANG_WARN_EMPTY_BODY = YES;
				CLANG_WARN_ENUM_CONVERSION = YES;
				CLANG_WARN_INT_CONVERSION = YES;
				CLANG_WARN_OBJC_ROOT_CLASS = YES_ERROR;
				CLANG_WARN_UNREACHABLE_CODE = YES;
				CLANG_WARN__DUPLICATE_METHOD_MATCH = YES;
				"CODE_SIGN_IDENTITY[sdk=iphoneos*]" = "iPhone Developer";
				COPY_PHASE_STRIP = NO;
				DEBUG_INFORMATION_FORMAT = dwarf;
				ENABLE_STRICT_OBJC_MSGSEND = YES;
				ENABLE_TESTABILITY = YES;
				GCC_C_LANGUAGE_STANDARD = gnu99;
				GCC_DYNAMIC_NO_PIC = NO;
				GCC_NO_COMMON_BLOCKS = YES;
				GCC_OPTIMIZATION_LEVEL = 0;
				GCC_PREPROCESSOR_DEFINITIONS = (
					"DEBUG=1",
					"$(inherited)",
				);
				GCC_WARN_64_TO_32_BIT_CONVERSION = YES;
				GCC_WARN_ABOUT_RETURN_TYPE = YES_ERROR;
				GCC_WARN_UNDECLARED_SELECTOR = YES;
				GCC_WARN_UNINITIALIZED_AUTOS = YES_AGGRESSIVE;
				GCC_WARN_UNUSED_FUNCTION = YES;
				GCC_WARN_UNUSED_VARIABLE = YES;
				IPHONEOS_DEPLOYMENT_TARGET = 9.1;
				MTL_ENABLE_DEBUG_INFO = YES;
				ONLY_ACTIVE_ARCH = YES;
				SDKROOT = iphoneos;
				TARGETED_DEVICE_FAMILY = "1,2";
			};
			name = Debug;
		};
		85CB73E51BE90766008A085A /* Release */ = {
			isa = XCBuildConfiguration;
			buildSettings = {
				ALWAYS_SEARCH_USER_PATHS = NO;
				CLANG_CXX_LANGUAGE_STANDARD = "gnu++0x";
				CLANG_CXX_LIBRARY = "libc++";
				CLANG_ENABLE_MODULES = YES;
				CLANG_ENABLE_OBJC_ARC = YES;
				CLANG_WARN_BOOL_CONVERSION = YES;
				CLANG_WARN_CONSTANT_CONVERSION = YES;
				CLANG_WARN_DIRECT_OBJC_ISA_USAGE = YES_ERROR;
				CLANG_WARN_EMPTY_BODY = YES;
				CLANG_WARN_ENUM_CONVERSION = YES;
				CLANG_WARN_INT_CONVERSION = YES;
				CLANG_WARN_OBJC_ROOT_CLASS = YES_ERROR;
				CLANG_WARN_UNREACHABLE_CODE = YES;
				CLANG_WARN__DUPLICATE_METHOD_MATCH = YES;
				"CODE_SIGN_IDENTITY[sdk=iphoneos*]" = "iPhone Developer";
				COPY_PHASE_STRIP = NO;
				DEBUG_INFORMATION_FORMAT = "dwarf-with-dsym";
				ENABLE_NS_ASSERTIONS = NO;
				ENABLE_STRICT_OBJC_MSGSEND = YES;
				GCC_C_LANGUAGE_STANDARD = gnu99;
				GCC_NO_COMMON_BLOCKS = YES;
				GCC_WARN_64_TO_32_BIT_CONVERSION = YES;
				GCC_WARN_ABOUT_RETURN_TYPE = YES_ERROR;
				GCC_WARN_UNDECLARED_SELECTOR = YES;
				GCC_WARN_UNINITIALIZED_AUTOS = YES_AGGRESSIVE;
				GCC_WARN_UNUSED_FUNCTION = YES;
				GCC_WARN_UNUSED_VARIABLE = YES;
				IPHONEOS_DEPLOYMENT_TARGET = 9.1;
				MTL_ENABLE_DEBUG_INFO = NO;
				SDKROOT = iphoneos;
				TARGETED_DEVICE_FAMILY = "1,2";
				VALIDATE_PRODUCT = YES;
			};
			name = Release;
		};
		85CB73E71BE90766008A085A /* Debug */ = {
			isa = XCBuildConfiguration;
			buildSettings = {
				ASSETCATALOG_COMPILER_APPICON_NAME = AppIcon;
				CODE_SIGN_IDENTITY = "iPhone Developer";
				"CODE_SIGN_IDENTITY[sdk=iphoneos*]" = "iPhone Developer";
				INFOPLIST_FILE = MyResuscitationChoice/Info.plist;
				IPHONEOS_DEPLOYMENT_TARGET = 9.1;
				LD_RUNPATH_SEARCH_PATHS = "$(inherited) @executable_path/Frameworks";
				PRODUCT_BUNDLE_IDENTIFIER = "Ahmed-Alanazi";
				PRODUCT_NAME = "$(TARGET_NAME)";
				PROVISIONING_PROFILE = "";
			};
			name = Debug;
		};
		85CB73E81BE90766008A085A /* Release */ = {
			isa = XCBuildConfiguration;
			buildSettings = {
				ASSETCATALOG_COMPILER_APPICON_NAME = AppIcon;
				CODE_SIGN_IDENTITY = "iPhone Developer";
				"CODE_SIGN_IDENTITY[sdk=iphoneos*]" = "iPhone Developer";
				INFOPLIST_FILE = MyResuscitationChoice/Info.plist;
				IPHONEOS_DEPLOYMENT_TARGET = 9.1;
				LD_RUNPATH_SEARCH_PATHS = "$(inherited) @executable_path/Frameworks";
				PRODUCT_BUNDLE_IDENTIFIER = "Ahmed-Alanazi";
				PRODUCT_NAME = "$(TARGET_NAME)";
				PROVISIONING_PROFILE = "";
			};
			name = Release;
		};
		85CB73EA1BE90766008A085A /* Debug */ = {
			isa = XCBuildConfiguration;
			buildSettings = {
				BUNDLE_LOADER = "$(TEST_HOST)";
				INFOPLIST_FILE = MyResuscitationChoiceTests/Info.plist;
				LD_RUNPATH_SEARCH_PATHS = "$(inherited) @executable_path/Frameworks @loader_path/Frameworks";
				PRODUCT_BUNDLE_IDENTIFIER = cis.gannnon.edu.MyResuscitationChoiceTests;
				PRODUCT_NAME = "$(TARGET_NAME)";
				TEST_HOST = "$(BUILT_PRODUCTS_DIR)/MyResuscitationChoice.app/MyResuscitationChoice";
			};
			name = Debug;
		};
		85CB73EB1BE90766008A085A /* Release */ = {
			isa = XCBuildConfiguration;
			buildSettings = {
				BUNDLE_LOADER = "$(TEST_HOST)";
				INFOPLIST_FILE = MyResuscitationChoiceTests/Info.plist;
				LD_RUNPATH_SEARCH_PATHS = "$(inherited) @executable_path/Frameworks @loader_path/Frameworks";
				PRODUCT_BUNDLE_IDENTIFIER = cis.gannnon.edu.MyResuscitationChoiceTests;
				PRODUCT_NAME = "$(TARGET_NAME)";
				TEST_HOST = "$(BUILT_PRODUCTS_DIR)/MyResuscitationChoice.app/MyResuscitationChoice";
			};
			name = Release;
		};
		85CB73ED1BE90766008A085A /* Debug */ = {
			isa = XCBuildConfiguration;
			buildSettings = {
				INFOPLIST_FILE = MyResuscitationChoiceUITests/Info.plist;
				LD_RUNPATH_SEARCH_PATHS = "$(inherited) @executable_path/Frameworks @loader_path/Frameworks";
				PRODUCT_BUNDLE_IDENTIFIER = cis.gannnon.edu.MyResuscitationChoiceUITests;
				PRODUCT_NAME = "$(TARGET_NAME)";
				TEST_TARGET_NAME = MyResuscitationChoice;
				USES_XCTRUNNER = YES;
			};
			name = Debug;
		};
		85CB73EE1BE90766008A085A /* Release */ = {
			isa = XCBuildConfiguration;
			buildSettings = {
				INFOPLIST_FILE = MyResuscitationChoiceUITests/Info.plist;
				LD_RUNPATH_SEARCH_PATHS = "$(inherited) @executable_path/Frameworks @loader_path/Frameworks";
				PRODUCT_BUNDLE_IDENTIFIER = cis.gannnon.edu.MyResuscitationChoiceUITests;
				PRODUCT_NAME = "$(TARGET_NAME)";
				TEST_TARGET_NAME = MyResuscitationChoice;
				USES_XCTRUNNER = YES;
			};
			name = Release;
		};
/* End XCBuildConfiguration section */

/* Begin XCConfigurationList section */
		85CB73B41BE90766008A085A /* Build configuration list for PBXProject "MyResuscitationChoice" */ = {
			isa = XCConfigurationList;
			buildConfigurations = (
				85CB73E41BE90766008A085A /* Debug */,
				85CB73E51BE90766008A085A /* Release */,
			);
			defaultConfigurationIsVisible = 0;
			defaultConfigurationName = Release;
		};
		85CB73E61BE90766008A085A /* Build configuration list for PBXNativeTarget "MyResuscitationChoice" */ = {
			isa = XCConfigurationList;
			buildConfigurations = (
				85CB73E71BE90766008A085A /* Debug */,
				85CB73E81BE90766008A085A /* Release */,
			);
			defaultConfigurationIsVisible = 0;
			defaultConfigurationName = Release;
		};
		85CB73E91BE90766008A085A /* Build configuration list for PBXNativeTarget "MyResuscitationChoiceTests" */ = {
			isa = XCConfigurationList;
			buildConfigurations = (
				85CB73EA1BE90766008A085A /* Debug */,
				85CB73EB1BE90766008A085A /* Release */,
			);
			defaultConfigurationIsVisible = 0;
			defaultConfigurationName = Release;
		};
		85CB73EC1BE90766008A085A /* Build configuration list for PBXNativeTarget "MyResuscitationChoiceUITests" */ = {
			isa = XCConfigurationList;
			buildConfigurations = (
				85CB73ED1BE90766008A085A /* Debug */,
				85CB73EE1BE90766008A085A /* Release */,
			);
			defaultConfigurationIsVisible = 0;
			defaultConfigurationName = Release;
		};
/* End XCConfigurationList section */
	};
	rootObject = 85CB73B11BE90766008A085A /* Project object */;
}
